
Microsoft Visual Studio Solution File, Format Version 12.00
# Visual Studio Version 17
VisualStudioVersion = 17.5.33530.505
MinimumVisualStudioVersion = 10.0.40219.1
Project("{FAE04EC0-301F-11D3-BF4B-00C04F79EFBC}") = "Week3IfAndSwitch", "Week3IfAndSwitch\Week3IfAndSwitch.csproj", "{17FF43C9-6CC4-400B-A7D0-0057F78F7461}"
EndProject
Project("{FAE04EC0-301F-11D3-BF4B-00C04F79EFBC}") = "OddOrEave", "OddOrEave\OddOrEave.csproj", "{29AFB772-9EF4-4948-8219-C7E549224EC7}"
EndProject
Project("{FAE04EC0-301F-11D3-BF4B-00C04F79EFBC}") = "IfDayOfTheWeek", "IfDayOfTheWeek\IfDayOfTheWeek.csproj", "{87C14190-D09A-4422-9D59-38786CD35B4E}"
EndProject
Project("{FAE04EC0-301F-11D3-BF4B-00C04F79EFBC}") = "SwitchDayOfTheWeek", "SwitchDayOfTheWeek\SwitchDayOfTheWeek.csproj", "{8FB4E73C-89A8-453C-ACCD-63A78A845E93}"
EndProject
Project("{FAE04EC0-301F-11D3-BF4B-00C04F79EFBC}") = "Test1", "Test1\Test1.csproj", "{ED9DD2DD-D2D7-4009-9F24-7DB13A67525F}"
EndProject
Project("{FAE04EC0-301F-11D3-BF4B-00C04F79EFBC}") = "Test2", "Test2\Test2.csproj", "{1EA6BABA-5183-4803-BCF0-265CA7571CC1}"
EndProject
Global
	GlobalSection(SolutionConfigurationPlatforms) = preSolution
		Debug|Any CPU = Debug|Any CPU
		Release|Any CPU = Release|Any CPU
	EndGlobalSection
	GlobalSection(ProjectConfigurationPlatforms) = postSolution
		{17FF43C9-6CC4-400B-A7D0-0057F78F7461}.Debug|Any CPU.ActiveCfg = Debug|Any CPU
		{17FF43C9-6CC4-400B-A7D0-0057F78F7461}.Debug|Any CPU.Build.0 = Debug|Any CPU
		{17FF43C9-6CC4-400B-A7D0-0057F78F7461}.Release|Any CPU.ActiveCfg = Release|Any CPU
		{17FF43C9-6CC4-400B-A7D0-0057F78F7461}.Release|Any CPU.Build.0 = Release|Any CPU
		{29AFB772-9EF4-4948-8219-C7E549224EC7}.Debug|Any CPU.ActiveCfg = Debug|Any CPU
		{29AFB772-9EF4-4948-8219-C7E549224EC7}.Debug|Any CPU.Build.0 = Debug|Any CPU
		{29AFB772-9EF4-4948-8219-C7E549224EC7}.Release|Any CPU.ActiveCfg = Release|Any CPU
		{29AFB772-9EF4-4948-8219-C7E549224EC7}.Release|Any CPU.Build.0 = Release|Any CPU
		{87C14190-D09A-4422-9D59-38786CD35B4E}.Debug|Any CPU.ActiveCfg = Debug|Any CPU
		{87C14190-D09A-4422-9D59-38786CD35B4E}.Debug|Any CPU.Build.0 = Debug|Any CPU
		{87C14190-D09A-4422-9D59-38786CD35B4E}.Release|Any CPU.ActiveCfg = Release|Any CPU
		{87C14190-D09A-4422-9D59-38786CD35B4E}.Release|Any CPU.Build.0 = Release|Any CPU
		{8FB4E73C-89A8-453C-ACCD-63A78A845E93}.Debug|Any CPU.ActiveCfg = Debug|Any CPU
		{8FB4E73C-89A8-453C-ACCD-63A78A845E93}.Debug|Any CPU.Build.0 = Debug|Any CPU
		{8FB4E73C-89A8-453C-ACCD-63A78A845E93}.Release|Any CPU.ActiveCfg = Release|Any CPU
		{8FB4E73C-89A8-453C-ACCD-63A78A845E93}.Release|Any CPU.Build.0 = Release|Any CPU
		{ED9DD2DD-D2D7-4009-9F24-7DB13A67525F}.Debug|Any CPU.ActiveCfg = Debug|Any CPU
		{ED9DD2DD-D2D7-4009-9F24-7DB13A67525F}.Debug|Any CPU.Build.0 = Debug|Any CPU
		{ED9DD2DD-D2D7-4009-9F24-7DB13A67525F}.Release|Any CPU.ActiveCfg = Release|Any CPU
		{ED9DD2DD-D2D7-4009-9F24-7DB13A67525F}.Release|Any CPU.Build.0 = Release|Any CPU
		{1EA6BABA-5183-4803-BCF0-265CA7571CC1}.Debug|Any CPU.ActiveCfg = Debug|Any CPU
		{1EA6BABA-5183-4803-BCF0-265CA7571CC1}.Debug|Any CPU.Build.0 = Debug|Any CPU
		{1EA6BABA-5183-4803-BCF0-265CA7571CC1}.Release|Any CPU.ActiveCfg = Release|Any CPU
		{1EA6BABA-5183-4803-BCF0-265CA7571CC1}.Release|Any CPU.Build.0 = Release|Any CPU
	EndGlobalSection
	GlobalSection(SolutionProperties) = preSolution
		HideSolutionNode = FALSE
	EndGlobalSection
	GlobalSection(ExtensibilityGlobals) = postSolution
		SolutionGuid = {EF1F8E70-D4DA-4392-892D-803F08F6C081}
	EndGlobalSection
EndGlobal
